{
    "_readme": [
        "This file locks the dependencies of your project to a known state",
        "Read more about it at https://getcomposer.org/doc/01-basic-usage.md#installing-dependencies",
        "This file is @generated automatically"
    ],
    "content-hash": "710540b365d861277790be0ff47e205a",
    "packages": [
        {
            "name": "delight-im/auth",
            "version": "v8.3.0",
            "source": {
                "type": "git",
                "url": "https://github.com/delight-im/PHP-Auth.git",
                "reference": "7bce546defa2bec75485d4bf1d68b72cf311c489"
            },
            "dist": {
                "type": "zip",
                "url": "https://api.github.com/repos/delight-im/PHP-Auth/zipball/7bce546defa2bec75485d4bf1d68b72cf311c489",
                "reference": "7bce546defa2bec75485d4bf1d68b72cf311c489",
                "shasum": ""
            },
            "require": {
                "delight-im/base64": "^1.0",
                "delight-im/cookie": "^3.1",
                "delight-im/db": "^1.3",
                "ext-openssl": "*",
                "php": ">=5.6.0"
            },
            "type": "library",
            "autoload": {
                "psr-4": {
                    "Delight\\Auth\\": "src/"
                }
            },
            "notification-url": "https://packagist.org/downloads/",
            "license": [
                "MIT"
            ],
            "description": "Authentication for PHP. Simple, lightweight and secure.",
            "homepage": "https://github.com/delight-im/PHP-Auth",
            "keywords": [
                "Authentication",
                "auth",
                "login",
                "security"
            ],
            "time": "2021-04-21T14:39:10+00:00"
        },
        {
            "name": "delight-im/base64",
            "version": "v1.0.0",
            "source": {
                "type": "git",
                "url": "https://github.com/delight-im/PHP-Base64.git",
                "reference": "687b2a49f663e162030a8d27b32838bbe7f91c78"
            },
            "dist": {
                "type": "zip",
                "url": "https://api.github.com/repos/delight-im/PHP-Base64/zipball/687b2a49f663e162030a8d27b32838bbe7f91c78",
                "reference": "687b2a49f663e162030a8d27b32838bbe7f91c78",
                "shasum": ""
            },
            "require": {
                "php": ">=5.3.0"
            },
            "type": "library",
            "autoload": {
                "psr-4": {
                    "Delight\\Base64\\": "src/"
                }
            },
            "notification-url": "https://packagist.org/downloads/",
            "license": [
                "MIT"
            ],
            "description": "Simple and convenient Base64 encoding and decoding for PHP",
            "homepage": "https://github.com/delight-im/PHP-Base64",
            "keywords": [
                "URL-safe",
                "base-64",
                "base64",
                "decode",
                "decoding",
                "encode",
                "encoding",
                "url"
            ],
            "time": "2017-07-24T18:59:51+00:00"
        },
        {
            "name": "delight-im/cookie",
            "version": "v3.4.0",
            "source": {
                "type": "git",
                "url": "https://github.com/delight-im/PHP-Cookie.git",
                "reference": "67065d34272377d63bab0bd58f984f9b228c803f"
            },
            "dist": {
                "type": "zip",
                "url": "https://api.github.com/repos/delight-im/PHP-Cookie/zipball/67065d34272377d63bab0bd58f984f9b228c803f",
                "reference": "67065d34272377d63bab0bd58f984f9b228c803f",
                "shasum": ""
            },
            "require": {
                "delight-im/http": "^2.0",
                "php": ">=5.4.0"
            },
            "type": "library",
            "autoload": {
                "psr-4": {
                    "Delight\\Cookie\\": "src/"
                }
            },
            "notification-url": "https://packagist.org/downloads/",
            "license": [
                "MIT"
            ],
            "description": "Modern cookie management for PHP",
            "homepage": "https://github.com/delight-im/PHP-Cookie",
            "keywords": [
                "cookie",
                "cookies",
                "csrf",
                "http",
                "same-site",
                "samesite",
                "xss"
            ],
            "time": "2020-04-16T11:01:26+00:00"
        },
        {
            "name": "delight-im/db",
            "version": "v1.3.1",
            "source": {
                "type": "git",
                "url": "https://github.com/delight-im/PHP-DB.git",
                "reference": "7d6f4c7a7e8ba6a297bfc30d65702479fd0b5f7c"
            },
            "dist": {
                "type": "zip",
                "url": "https://api.github.com/repos/delight-im/PHP-DB/zipball/7d6f4c7a7e8ba6a297bfc30d65702479fd0b5f7c",
                "reference": "7d6f4c7a7e8ba6a297bfc30d65702479fd0b5f7c",
                "shasum": ""
            },
            "require": {
                "ext-pdo": "*",
                "php": ">=5.6.0"
            },
            "type": "library",
            "autoload": {
                "psr-4": {
                    "Delight\\Db\\": "src/"
                }
            },
            "notification-url": "https://packagist.org/downloads/",
            "license": [
                "MIT"
            ],
            "description": "Safe and convenient SQL database access in a driver-agnostic way",
            "homepage": "https://github.com/delight-im/PHP-DB",
            "keywords": [
                "database",
                "mysql",
                "pdo",
                "pgsql",
                "postgresql",
                "sql",
                "sqlite"
            ],
            "time": "2020-02-21T10:46:03+00:00"
        },
        {
            "name": "delight-im/http",
            "version": "v2.1.0",
            "source": {
                "type": "git",
                "url": "https://github.com/delight-im/PHP-HTTP.git",
                "reference": "a5c2c4eae1dd3207f797984e8f64f2d71ed889dd"
            },
            "dist": {
                "type": "zip",
                "url": "https://api.github.com/repos/delight-im/PHP-HTTP/zipball/a5c2c4eae1dd3207f797984e8f64f2d71ed889dd",
                "reference": "a5c2c4eae1dd3207f797984e8f64f2d71ed889dd",
                "shasum": ""
            },
            "require": {
                "php": ">=5.3.0"
            },
            "type": "library",
            "autoload": {
                "psr-4": {
                    "Delight\\Http\\": "src/"
                }
            },
            "notification-url": "https://packagist.org/downloads/",
            "license": [
                "MIT"
            ],
            "description": "Hypertext Transfer Protocol (HTTP) utilities for PHP",
            "homepage": "https://github.com/delight-im/PHP-HTTP",
            "keywords": [
                "headers",
                "http",
                "https"
            ],
            "time": "2021-10-12T18:52:29+00:00"
        },
        {
            "name": "phphleb/debugpan",
            "version": "v2.0.3",
            "source": {
                "type": "git",
                "url": "https://github.com/phphleb/debugpan.git",
                "reference": "f6bbf2c811103584c224bb33bbc4cf5c72dc76c0"
            },
            "dist": {
                "type": "zip",
                "url": "https://api.github.com/repos/phphleb/debugpan/zipball/f6bbf2c811103584c224bb33bbc4cf5c72dc76c0",
                "reference": "f6bbf2c811103584c224bb33bbc4cf5c72dc76c0",
                "shasum": ""
            },
            "require": {
                "php": ">=8.2",
                "phphleb/framework": ">=2.0.0",
                "phphleb/nicejson": "*"
            },
            "type": "library",
            "autoload": {
                "psr-4": {
                    "Phphleb\\Debugpan\\": "/"
                }
            },
            "notification-url": "https://packagist.org/downloads/",
            "license": [
                "MIT"
            ],
            "authors": [
                {
                    "name": "Foma Tuturov",
                    "email": "fomiash@yandex.ru"
                }
            ],
            "description": "Debug Panel for PHP Framework HLEB2",
            "homepage": "https://hleb2framework.ru",
            "time": "2024-12-10T11:15:22+00:00"
        },
        {
            "name": "phphleb/framework",
            "version": "v2.0.63",
            "source": {
                "type": "git",
                "url": "https://github.com/phphleb/framework.git",
                "reference": "3bb1de35235a8f52b4157ac7249db6aa32b9ce24"
            },
            "dist": {
                "type": "zip",
                "url": "https://api.github.com/repos/phphleb/framework/zipball/3bb1de35235a8f52b4157ac7249db6aa32b9ce24",
                "reference": "3bb1de35235a8f52b4157ac7249db6aa32b9ce24",
                "shasum": ""
            },
            "require": {
                "php": ">=8.2.0",
                "phphleb/debugpan": "^2.0.0",
                "phphleb/nicejson": "*",
                "phphleb/salt": "*"
            },
            "type": "library",
            "autoload": {
                "psr-4": {
                    "Hleb\\": "/"
                }
            },
            "notification-url": "https://packagist.org/downloads/",
            "license": [
                "MIT"
            ],
            "authors": [
                {
                    "name": "Foma Tuturov",
                    "email": "fomiash@yandex.ru"
                }
            ],
            "description": "Engine for Framework HLEB2",
            "homepage": "https://hleb2framework.ru",
            "keywords": [
                "framework",
                "hleb2",
                "php",
                "php framework",
                "phphleb"
            ],
            "time": "2025-01-24T14:33:35+00:00"
        },
        {
            "name": "phphleb/nicejson",
            "version": "1.0.0",
            "source": {
                "type": "git",
                "url": "https://github.com/phphleb/nicejson.git",
                "reference": "b49ae98a187e52535f3f5b4437e87fed6262c3a9"
            },
            "dist": {
                "type": "zip",
                "url": "https://api.github.com/repos/phphleb/nicejson/zipball/b49ae98a187e52535f3f5b4437e87fed6262c3a9",
                "reference": "b49ae98a187e52535f3f5b4437e87fed6262c3a9",
                "shasum": ""
            },
            "require": {
                "ext-json": "*",
                "php": ">=8.2.0"
            },
            "type": "library",
            "autoload": {
                "psr-4": {
                    "Phphleb\\Nicejson\\": "/"
                }
            },
            "notification-url": "https://packagist.org/downloads/",
            "license": [
                "MIT"
            ],
            "authors": [
                {
                    "name": "Foma Tuturov",
                    "email": "fomiash@yandex.ru"
                }
            ],
            "description": "Convert json to readable form",
            "time": "2024-02-06T21:33:27+00:00"
        },
        {
            "name": "phphleb/salt",
            "version": "1.0.0",
            "source": {
                "type": "git",
                "url": "https://github.com/phphleb/salt.git",
                "reference": "3f8c5623253b242e531356d7264579c37ef2274c"
            },
            "dist": {
                "type": "zip",
                "url": "https://api.github.com/repos/phphleb/salt/zipball/3f8c5623253b242e531356d7264579c37ef2274c",
                "reference": "3f8c5623253b242e531356d7264579c37ef2274c",
                "shasum": ""
            },
            "require": {
                "php": ">=8.2.0"
            },
            "type": "library",
            "notification-url": "https://packagist.org/downloads/",
            "license": [
                "MIT"
            ],
            "authors": [
                {
                    "name": "Foma Tuturov",
                    "email": "fomiash@yandex.ru"
                }
            ],
            "description": "Setting up autocomplete for PHP Framework HLEB2",
            "keywords": [
                "autocomplete",
                "hleb2",
                "php"
            ],
            "time": "2024-10-24T08:30:31+00:00"
        },
        {
            "name": "phpmailer/phpmailer",
            "version": "v6.10.0",
            "source": {
                "type": "git",
                "url": "https://github.com/PHPMailer/PHPMailer.git",
                "reference": "bf74d75a1fde6beaa34a0ddae2ec5fce0f72a144"
            },
            "dist": {
                "type": "zip",
                "url": "https://api.github.com/repos/PHPMailer/PHPMailer/zipball/bf74d75a1fde6beaa34a0ddae2ec5fce0f72a144",
                "reference": "bf74d75a1fde6beaa34a0ddae2ec5fce0f72a144",
                "shasum": ""
            },
            "require": {
                "ext-ctype": "*",
                "ext-filter": "*",
                "ext-hash": "*",
                "php": ">=5.5.0"
            },
            "require-dev": {
                "dealerdirect/phpcodesniffer-composer-installer": "^1.0",
                "doctrine/annotations": "^1.2.6 || ^1.13.3",
                "php-parallel-lint/php-console-highlighter": "^1.0.0",
                "php-parallel-lint/php-parallel-lint": "^1.3.2",
                "phpcompatibility/php-compatibility": "^9.3.5",
                "roave/security-advisories": "dev-latest",
                "squizlabs/php_codesniffer": "^3.7.2",
                "yoast/phpunit-polyfills": "^1.0.4"
            },
            "suggest": {
                "decomplexity/SendOauth2": "Adapter for using XOAUTH2 authentication",
                "ext-mbstring": "Needed to send email in multibyte encoding charset or decode encoded addresses",
                "ext-openssl": "Needed for secure SMTP sending and DKIM signing",
                "greew/oauth2-azure-provider": "Needed for Microsoft Azure XOAUTH2 authentication",
                "hayageek/oauth2-yahoo": "Needed for Yahoo XOAUTH2 authentication",
                "league/oauth2-google": "Needed for Google XOAUTH2 authentication",
                "psr/log": "For optional PSR-3 debug logging",
                "symfony/polyfill-mbstring": "To support UTF-8 if the Mbstring PHP extension is not enabled (^1.2)",
                "thenetworg/oauth2-azure": "Needed for Microsoft XOAUTH2 authentication"
            },
            "type": "library",
            "autoload": {
                "psr-4": {
                    "PHPMailer\\PHPMailer\\": "src/"
                }
            },
            "notification-url": "https://packagist.org/downloads/",
            "license": [
                "LGPL-2.1-only"
            ],
            "authors": [
                {
                    "name": "Marcus Bointon",
                    "email": "phpmailer@synchromedia.co.uk"
                },
                {
                    "name": "Jim Jagielski",
                    "email": "jimjag@gmail.com"
                },
                {
                    "name": "Andy Prevost",
                    "email": "codeworxtech@users.sourceforge.net"
                },
                {
                    "name": "Brent R. Matzelle"
                }
            ],
            "description": "PHPMailer is a full-featured email creation and transfer class for PHP",
            "support": {
                "issues": "https://github.com/PHPMailer/PHPMailer/issues",
                "source": "https://github.com/PHPMailer/PHPMailer/tree/v6.10.0"
            },
            "funding": [
                {
                    "url": "https://github.com/Synchro",
                    "type": "github"
                }
            ],
            "time": "2025-04-24T15:19:31+00:00"
        }
    ],
    "packages-dev": [],
    "aliases": [],
    "minimum-stability": "stable",
    "stability-flags": [],
    "prefer-stable": false,
    "prefer-lowest": false,
    "platform": {
        "php": ">=8.2.0"
    },
    "platform-dev": [],
    "plugin-api-version": "2.6.0"
}
